{
  "name": "@nonoise/md-extractor",
  "version": "0.1.0",
  "lockfileVersion": 3,
  "requires": true,
  "packages": {
    "": {
      "name": "@nonoise/md-extractor",
      "version": "0.1.0",
      "dependencies": {
        "@llamaindex/llama-cloud": "^2.3.0"
      },
      "bin": {
        "md-extract": "extract.js"
      }
    },
    "node_modules/@llamaindex/llama-cloud": {
      "version": "2.3.0",
      "resolved": "https://registry.npmjs.org/@llamaindex/llama-cloud/-/llama-cloud-2.3.0.tgz",
      "integrity": "sha512-Y+KWFdtl0jhnf/1HJHH1fzFc6XARN1+1BPgty46B3X3TNhMapKDq5vNB2tw/SmWC7Gvgfj8lCqKG6jyFVH/cBA==",
      "license": "MIT"
    }
  }
}
